
Microsoft Visual Studio Solution File, Format Version 12.00
# Visual Studio Version 17
VisualStudioVersion = 17.1.32319.34
MinimumVisualStudioVersion = 10.0.40219.1
Project("{FAE04EC0-301F-11D3-BF4B-00C04F79EFBC}") = "SixB-api", "SixB-api.csproj", "{18A7DE9A-8DD4-46D6-A15B-01788ED8B67B}"
EndProject
Global
	GlobalSection(SolutionConfigurationPlatforms) = preSolution
		Debug|Any CPU = Debug|Any CPU
		Release|Any CPU = Release|Any CPU
	EndGlobalSection
	GlobalSection(ProjectConfigurationPlatforms) = postSolution
		{18A7DE9A-8DD4-46D6-A15B-01788ED8B67B}.Debug|Any CPU.ActiveCfg = Debug|Any CPU
		{18A7DE9A-8DD4-46D6-A15B-01788ED8B67B}.Debug|Any CPU.Build.0 = Debug|Any CPU
		{18A7DE9A-8DD4-46D6-A15B-01788ED8B67B}.Release|Any CPU.ActiveCfg = Release|Any CPU
		{18A7DE9A-8DD4-46D6-A15B-01788ED8B67B}.Release|Any CPU.Build.0 = Release|Any CPU
	EndGlobalSection
	GlobalSection(SolutionProperties) = preSolution
		HideSolutionNode = FALSE
	EndGlobalSection
	GlobalSection(ExtensibilityGlobals) = postSolution
		SolutionGuid = {149C49E4-4B79-4FFC-92EB-62EAC31D1BCF}
	EndGlobalSection
EndGlobal
